
Microsoft Visual Studio Solution File, Format Version 12.00
# Visual Studio Version 16
VisualStudioVersion = 16.0.29613.14
MinimumVisualStudioVersion = 10.0.40219.1
Project("{FAE04EC0-301F-11D3-BF4B-00C04F79EFBC}") = "TweetBook", "TweetBook.csproj", "{A510BCD5-1A15-4501-A641-3D51D7FFCA03}"
EndProject
Global
	GlobalSection(SolutionConfigurationPlatforms) = preSolution
		Debug|Any CPU = Debug|Any CPU
		Release|Any CPU = Release|Any CPU
	EndGlobalSection
	GlobalSection(ProjectConfigurationPlatforms) = postSolution
		{A510BCD5-1A15-4501-A641-3D51D7FFCA03}.Debug|Any CPU.ActiveCfg = Debug|Any CPU
		{A510BCD5-1A15-4501-A641-3D51D7FFCA03}.Debug|Any CPU.Build.0 = Debug|Any CPU
		{A510BCD5-1A15-4501-A641-3D51D7FFCA03}.Release|Any CPU.ActiveCfg = Release|Any CPU
		{A510BCD5-1A15-4501-A641-3D51D7FFCA03}.Release|Any CPU.Build.0 = Release|Any CPU
	EndGlobalSection
	GlobalSection(SolutionProperties) = preSolution
		HideSolutionNode = FALSE
	EndGlobalSection
	GlobalSection(ExtensibilityGlobals) = postSolution
		SolutionGuid = {99F14E20-27AE-44C3-A9A3-59977274AD9F}
	EndGlobalSection
EndGlobal
